
Microsoft Visual Studio Solution File, Format Version 12.00
# Visual Studio Version 16
VisualStudioVersion = 16.0.30503.244
MinimumVisualStudioVersion = 10.0.40219.1
Project("{FAE04EC0-301F-11D3-BF4B-00C04F79EFBC}") = "InvoiceManager", "InvoiceMenager\InvoiceManager.csproj", "{D4C82E33-1CA0-4D1E-BE91-D8E3E1294E09}"
EndProject
Project("{2150E333-8FDC-42A3-9474-1A3956D46DE8}") = "Solution Items", "Solution Items", "{FC2639E6-E367-4C0E-B371-0E5EA3A66768}"
	ProjectSection(SolutionItems) = preProject
		.editorconfig = .editorconfig
	EndProjectSection
EndProject
Global
	GlobalSection(SolutionConfigurationPlatforms) = preSolution
		Debug|Any CPU = Debug|Any CPU
		Release|Any CPU = Release|Any CPU
	EndGlobalSection
	GlobalSection(ProjectConfigurationPlatforms) = postSolution
		{D4C82E33-1CA0-4D1E-BE91-D8E3E1294E09}.Debug|Any CPU.ActiveCfg = Debug|Any CPU
		{D4C82E33-1CA0-4D1E-BE91-D8E3E1294E09}.Debug|Any CPU.Build.0 = Debug|Any CPU
		{D4C82E33-1CA0-4D1E-BE91-D8E3E1294E09}.Release|Any CPU.ActiveCfg = Release|Any CPU
		{D4C82E33-1CA0-4D1E-BE91-D8E3E1294E09}.Release|Any CPU.Build.0 = Release|Any CPU
	EndGlobalSection
	GlobalSection(SolutionProperties) = preSolution
		HideSolutionNode = FALSE
	EndGlobalSection
	GlobalSection(ExtensibilityGlobals) = postSolution
		SolutionGuid = {8543A123-E50C-485E-B8CA-368755A652E0}
	EndGlobalSection
EndGlobal
